github.com/davecgh/go-spew v1.1.1 h1:vj9j/u1bqnvCEfJOwUhtlOARqs3+rkHYY13jYWTU97c=
github.com/pmezard/go-difflib v1.0.0 h1:4DBwDE0NGyQoBHbLQYPwSUPoCMWR5BEzIk/f1lZbAQM=
github.com/stretchr/testify v1.8.0 h1:pSgiaMZlXftHpm5L7V1+rVB+AZJydKsMxsQBIJw4PKk=
github.com/tidwall/btree v1.1.0 h1:5P+9WU8ui5uhmcg3SoPyTwoI0mVyZ1nps7YQzTZFkYM=
github.com/tidwall/btree v1.1.0/go.mod h1:TzIRzen6yHbibdSfK6t8QimqbUnoxUSrZfeW7Uob0q4=
github.com/tidwall/match v1.1.1 h1:+Ho715JplO36QYgwN9PGYNhgZvoUSc9X2c80KVTi+GA=
github.com/tidwall/match v1.1.1/go.mod h1:eRSPERbgtNPcGhD8UCthc6PmLEQXEWd3PRB5JTxsfmM=
github.com/tidwall/redcon v1.6.0 h1:ekkYf2xwk1+VmyTVrefZElJC71EK/1JOLwlGSllmPIk=
github.com/tidwall/redcon v1.6.0/go.mod h1:p5Wbsgeyi2VSTBWOcA5vRXrOb9arFTcU2+ZzFjqV75Y=
github.com/zerodha/logf v0.5.5 h1:AhxHlixHNYwhFjvlgTv6uO4VBKYKxx2I6SbHoHtWLBk=
github.com/zerodha/logf v0.5.5/go.mod h1:HWpfKsie+WFFpnUnUxelT6Z0FC6xu9+qt+oXNMPg6y8=
golang.org/x/sys v0.2.0 h1:ljd4t30dBnAvMZaQCevtY0xLLD0A+bRZXbgLMLU1F/A=
golang.org/x/sys v0.2.0/go.mod h1:oPkhp1MJrh7nUepCBck5+mAzfO9JrbApNNgaTdGDITg=
gopkg.in/yaml.v3 v3.0.1 h1:fxVm/GzAzEWqLHuvctI91KS9hhNmmWOoWu0XTYJS7CA=
